
Microsoft Visual Studio Solution File, Format Version 12.00
# Visual Studio Version 17
VisualStudioVersion = 17.14.37411.7
MinimumVisualStudioVersion = 10.0.40219.1
Project("{FAE04EC0-301F-11D3-BF4B-00C04F79EFBC}") = "TLS", "Project1\TLS.csproj", "{403D1292-1DF3-4675-9253-ABFD7D87502E}"
EndProject
Global
	GlobalSection(SolutionConfigurationPlatforms) = preSolution
		Debug|Any CPU = Debug|Any CPU
		Release|Any CPU = Release|Any CPU
	EndGlobalSection
	GlobalSection(ProjectConfigurationPlatforms) = postSolution
		{403D1292-1DF3-4675-9253-ABFD7D87502E}.Debug|Any CPU.ActiveCfg = Debug|Any CPU
		{403D1292-1DF3-4675-9253-ABFD7D87502E}.Debug|Any CPU.Build.0 = Debug|Any CPU
		{403D1292-1DF3-4675-9253-ABFD7D87502E}.Release|Any CPU.ActiveCfg = Release|Any CPU
		{403D1292-1DF3-4675-9253-ABFD7D87502E}.Release|Any CPU.Build.0 = Release|Any CPU
	EndGlobalSection
	GlobalSection(SolutionProperties) = preSolution
		HideSolutionNode = FALSE
	EndGlobalSection
	GlobalSection(ExtensibilityGlobals) = postSolution
		SolutionGuid = {00E663CA-1675-4882-B852-5BEECCF24C9B}
	EndGlobalSection
EndGlobal
